
Microsoft Visual Studio Solution File, Format Version 12.00
# Visual Studio Version 17
VisualStudioVersion = 17.9.34728.123
MinimumVisualStudioVersion = 10.0.40219.1
Project("{FAE04EC0-301F-11D3-BF4B-00C04F79EFBC}") = "Entidades", "Entidades\Entidades.csproj", "{C4148461-5B81-4150-A46C-5A1F13024BF9}"
EndProject
Project("{FAE04EC0-301F-11D3-BF4B-00C04F79EFBC}") = "Logica", "Logica\Logica.csproj", "{77B3E3FB-1A35-4FDC-B34A-3D6CF8B9871E}"
EndProject
Project("{FAE04EC0-301F-11D3-BF4B-00C04F79EFBC}") = "Persistencia", "Persistencia\Persistencia.csproj", "{BF933162-E56A-4D54-9859-505DD75D9271}"
EndProject
Project("{FAE04EC0-301F-11D3-BF4B-00C04F79EFBC}") = "Vista", "Vista\Vista.csproj", "{6C5F4EDA-AF2A-48FA-91BC-DEB39488CE9A}"
EndProject
Global
	GlobalSection(SolutionConfigurationPlatforms) = preSolution
		Debug|Any CPU = Debug|Any CPU
		Release|Any CPU = Release|Any CPU
	EndGlobalSection
	GlobalSection(ProjectConfigurationPlatforms) = postSolution
		{C4148461-5B81-4150-A46C-5A1F13024BF9}.Debug|Any CPU.ActiveCfg = Debug|Any CPU
		{C4148461-5B81-4150-A46C-5A1F13024BF9}.Debug|Any CPU.Build.0 = Debug|Any CPU
		{C4148461-5B81-4150-A46C-5A1F13024BF9}.Release|Any CPU.ActiveCfg = Release|Any CPU
		{C4148461-5B81-4150-A46C-5A1F13024BF9}.Release|Any CPU.Build.0 = Release|Any CPU
		{77B3E3FB-1A35-4FDC-B34A-3D6CF8B9871E}.Debug|Any CPU.ActiveCfg = Debug|Any CPU
		{77B3E3FB-1A35-4FDC-B34A-3D6CF8B9871E}.Debug|Any CPU.Build.0 = Debug|Any CPU
		{77B3E3FB-1A35-4FDC-B34A-3D6CF8B9871E}.Release|Any CPU.ActiveCfg = Release|Any CPU
		{77B3E3FB-1A35-4FDC-B34A-3D6CF8B9871E}.Release|Any CPU.Build.0 = Release|Any CPU
		{BF933162-E56A-4D54-9859-505DD75D9271}.Debug|Any CPU.ActiveCfg = Debug|Any CPU
		{BF933162-E56A-4D54-9859-505DD75D9271}.Debug|Any CPU.Build.0 = Debug|Any CPU
		{BF933162-E56A-4D54-9859-505DD75D9271}.Release|Any CPU.ActiveCfg = Release|Any CPU
		{BF933162-E56A-4D54-9859-505DD75D9271}.Release|Any CPU.Build.0 = Release|Any CPU
		{6C5F4EDA-AF2A-48FA-91BC-DEB39488CE9A}.Debug|Any CPU.ActiveCfg = Debug|Any CPU
		{6C5F4EDA-AF2A-48FA-91BC-DEB39488CE9A}.Debug|Any CPU.Build.0 = Debug|Any CPU
		{6C5F4EDA-AF2A-48FA-91BC-DEB39488CE9A}.Release|Any CPU.ActiveCfg = Release|Any CPU
		{6C5F4EDA-AF2A-48FA-91BC-DEB39488CE9A}.Release|Any CPU.Build.0 = Release|Any CPU
	EndGlobalSection
	GlobalSection(SolutionProperties) = preSolution
		HideSolutionNode = FALSE
	EndGlobalSection
	GlobalSection(ExtensibilityGlobals) = postSolution
		SolutionGuid = {FDC1FE9F-BB2E-4837-9953-6B9DA1AC5AE6}
	EndGlobalSection
EndGlobal
